
Microsoft Visual Studio Solution File, Format Version 12.00
# Visual Studio Version 16
VisualStudioVersion = 16.0.29806.167
MinimumVisualStudioVersion = 10.0.40219.1
Project("{FAE04EC0-301F-11D3-BF4B-00C04F79EFBC}") = "WebApi", "WebApi\WebApi.csproj", "{3E4ED1C0-300A-48BA-8313-9883C1BBD760}"
EndProject
Global
	GlobalSection(SolutionConfigurationPlatforms) = preSolution
		Debug|Any CPU = Debug|Any CPU
		Release|Any CPU = Release|Any CPU
	EndGlobalSection
	GlobalSection(ProjectConfigurationPlatforms) = postSolution
		{3E4ED1C0-300A-48BA-8313-9883C1BBD760}.Debug|Any CPU.ActiveCfg = Debug|Any CPU
		{3E4ED1C0-300A-48BA-8313-9883C1BBD760}.Debug|Any CPU.Build.0 = Debug|Any CPU
		{3E4ED1C0-300A-48BA-8313-9883C1BBD760}.Release|Any CPU.ActiveCfg = Release|Any CPU
		{3E4ED1C0-300A-48BA-8313-9883C1BBD760}.Release|Any CPU.Build.0 = Release|Any CPU
	EndGlobalSection
	GlobalSection(SolutionProperties) = preSolution
		HideSolutionNode = FALSE
	EndGlobalSection
	GlobalSection(ExtensibilityGlobals) = postSolution
		SolutionGuid = {883529C7-B54B-4FE7-B62E-A0E9F7FA1924}
	EndGlobalSection
EndGlobal
